# generated by rye
# use `rye lock` or `rye sync` to update this lockfile
#
# last locked with the following flags:
#   pre: false
#   features: []
#   all-features: false
#   with-sources: false
#   generate-hashes: false

-e file:.
attrs==23.2.0
    # via jsonschema
    # via referencing
beautifulsoup4==4.12.3
    # via nbconvert
bleach==6.1.0
    # via nbconvert
certifi==2024.7.4
    # via requests
charset-normalizer==3.3.2
    # via requests
click==8.1.7
    # via nltk
    # via typer
defusedxml==0.7.1
    # via nbconvert
fastjsonschema==2.20.0
    # via nbformat
idna==3.7
    # via requests
jinja2==3.1.4
    # via nbconvert
joblib==1.4.2
    # via nltk
jsonschema==4.22.0
    # via nbformat
jsonschema-specifications==2023.12.1
    # via jsonschema
jupyter-client==8.6.2
    # via nbclient
jupyter-core==5.7.2
    # via jupyter-client
    # via nbclient
    # via nbconvert
    # via nbformat
jupyterlab-pygments==0.3.0
    # via nbconvert
markdown-it-py==3.0.0
    # via rich
markupsafe==2.1.5
    # via jinja2
    # via nbconvert
mdurl==0.1.2
    # via markdown-it-py
mistune==3.0.2
    # via nbconvert
mypy==1.10.1
mypy-extensions==1.0.0
    # via mypy
nbclient==0.10.0
    # via nbconvert
nbconvert==7.16.4
    # via llminify
nbformat==5.10.4
    # via llminify
    # via nbclient
    # via nbconvert
nltk==3.8.1
    # via llminify
packaging==24.1
    # via nbconvert
pandocfilters==1.5.1
    # via nbconvert
platformdirs==4.2.2
    # via jupyter-core
pygments==2.18.0
    # via nbconvert
    # via rich
python-dateutil==2.9.0.post0
    # via jupyter-client
pyzmq==26.0.3
    # via jupyter-client
referencing==0.35.1
    # via jsonschema
    # via jsonschema-specifications
regex==2024.5.15
    # via nltk
    # via tiktoken
requests==2.32.3
    # via llminify
    # via tiktoken
rich==13.7.1
    # via typer
rpds-py==0.18.1
    # via jsonschema
    # via referencing
ruff==0.5.1
shellingham==1.5.4
    # via typer
six==1.16.0
    # via bleach
    # via python-dateutil
soupsieve==2.5
    # via beautifulsoup4
tiktoken==0.7.0
    # via llminify
tinycss2==1.3.0
    # via nbconvert
tornado==6.4.1
    # via jupyter-client
tqdm==4.66.4
    # via nltk
traitlets==5.14.3
    # via jupyter-client
    # via jupyter-core
    # via nbclient
    # via nbconvert
    # via nbformat
typer==0.12.3
    # via llminify
types-requests==2.32.0.20240712
typing-extensions==4.12.2
    # via mypy
    # via typer
urllib3==2.2.2
    # via requests
    # via types-requests
webencodings==0.5.1
    # via bleach
    # via tinycss2
